// !$*UTF8*$!
{
	archiveVersion = 1;
	classes = {
	};
	objectVersion = 56;
	objects = {

/* Begin PBXBuildFile section */
		6C7E12F22BCE8F65006DC8B8 /* AppDelegate.swift in Sources */ = {isa = PBXBuildFile; fileRef = 6C7E12F12BCE8F65006DC8B8 /* AppDelegate.swift */; };
		6C7E12F42BCE8F65006DC8B8 /* SceneDelegate.swift in Sources */ = {isa = PBXBuildFile; fileRef = 6C7E12F32BCE8F65006DC8B8 /* SceneDelegate.swift */; };
		6C7E12F62BCE8F65006DC8B8 /* ViewController.swift in Sources */ = {isa = PBXBuildFile; fileRef = 6C7E12F52BCE8F65006DC8B8 /* ViewController.swift */; };
		6C7E12F92BCE8F65006DC8B8 /* Base in Resources */ = {isa = PBXBuildFile; fileRef = 6C7E12F82BCE8F65006DC8B8 /* Base */; };
		6C7E12FC2BCE8F65006DC8B8 /* eLeSwift.xcdatamodeld in Sources */ = {isa = PBXBuildFile; fileRef = 6C7E12FA2BCE8F65006DC8B8 /* eLeSwift.xcdatamodeld */; };
		6C7E12FE2BCE8F66006DC8B8 /* Assets.xcassets in Resources */ = {isa = PBXBuildFile; fileRef = 6C7E12FD2BCE8F66006DC8B8 /* Assets.xcassets */; };
		6C7E13012BCE8F66006DC8B8 /* Base in Resources */ = {isa = PBXBuildFile; fileRef = 6C7E13002BCE8F66006DC8B8 /* Base */; };
		6C7E130C2BCE8F66006DC8B8 /* eLeSwiftTests.swift in Sources */ = {isa = PBXBuildFile; fileRef = 6C7E130B2BCE8F66006DC8B8 /* eLeSwiftTests.swift */; };
		6C7E13162BCE8F66006DC8B8 /* eLeSwiftUITests.swift in Sources */ = {isa = PBXBuildFile; fileRef = 6C7E13152BCE8F66006DC8B8 /* eLeSwiftUITests.swift */; };
		6C7E13182BCE8F66006DC8B8 /* eLeSwiftUITestsLaunchTests.swift in Sources */ = {isa = PBXBuildFile; fileRef = 6C7E13172BCE8F66006DC8B8 /* eLeSwiftUITestsLaunchTests.swift */; };
/* End PBXBuildFile section */

/* Begin PBXContainerItemProxy section */
		6C7E13082BCE8F66006DC8B8 /* PBXContainerItemProxy */ = {
			isa = PBXContainerItemProxy;
			containerPortal = 6C7E12E62BCE8F65006DC8B8 /* Project object */;
			proxyType = 1;
			remoteGlobalIDString = 6C7E12ED2BCE8F65006DC8B8;
			remoteInfo = eLeSwift;
		};
		6C7E13122BCE8F66006DC8B8 /* PBXContainerItemProxy */ = {
			isa = PBXContainerItemProxy;
			containerPortal = 6C7E12E62BCE8F65006DC8B8 /* Project object */;
			proxyType = 1;
			remoteGlobalIDString = 6C7E12ED2BCE8F65006DC8B8;
			remoteInfo = eLeSwift;
		};
/* End PBXContainerItemProxy section */

/* Begin PBXFileReference section */
		6C7E12EE2BCE8F65006DC8B8 /* eLeSwift.app */ = {isa = PBXFileReference; explicitFileType = wrapper.application; includeInIndex = 0; path = eLeSwift.app; sourceTree = BUILT_PRODUCTS_DIR; };
		6C7E12F12BCE8F65006DC8B8 /* AppDelegate.swift */ = {isa = PBXFileReference; lastKnownFileType = sourcecode.swift; path = AppDelegate.swift; sourceTree = "<group>"; };
		6C7E12F32BCE8F65006DC8B8 /* SceneDelegate.swift */ = {isa = PBXFileReference; lastKnownFileType = sourcecode.swift; path = SceneDelegate.swift; sourceTree = "<group>"; };
		6C7E12F52BCE8F65006DC8B8 /* ViewController.swift */ = {isa = PBXFileReference; lastKnownFileType = sourcecode.swift; path = ViewController.swift; sourceTree = "<group>"; };
		6C7E12F82BCE8F65006DC8B8 /* Base */ = {isa = PBXFileReference; lastKnownFileType = file.storyboard; name = Base; path = Base.lproj/Main.storyboard; sourceTree = "<group>"; };
		6C7E12FB2BCE8F65006DC8B8 /* eLeSwift.xcdatamodel */ = {isa = PBXFileReference; lastKnownFileType = wrapper.xcdatamodel; path = eLeSwift.xcdatamodel; sourceTree = "<group>"; };
		6C7E12FD2BCE8F66006DC8B8 /* Assets.xcassets */ = {isa = PBXFileReference; lastKnownFileType = folder.assetcatalog; path = Assets.xcassets; sourceTree = "<group>"; };
		6C7E13002BCE8F66006DC8B8 /* Base */ = {isa = PBXFileReference; lastKnownFileType = file.storyboard; name = Base; path = Base.lproj/LaunchScreen.storyboard; sourceTree = "<group>"; };
		6C7E13022BCE8F66006DC8B8 /* Info.plist */ = {isa = PBXFileReference; lastKnownFileType = text.plist.xml; path = Info.plist; sourceTree = "<group>"; };
		6C7E13072BCE8F66006DC8B8 /* eLeSwiftTests.xctest */ = {isa = PBXFileReference; explicitFileType = wrapper.cfbundle; includeInIndex = 0; path = eLeSwiftTests.xctest; sourceTree = BUILT_PRODUCTS_DIR; };
		6C7E130B2BCE8F66006DC8B8 /* eLeSwiftTests.swift */ = {isa = PBXFileReference; lastKnownFileType = sourcecode.swift; path = eLeSwiftTests.swift; sourceTree = "<group>"; };
		6C7E13112BCE8F66006DC8B8 /* eLeSwiftUITests.xctest */ = {isa = PBXFileReference; explicitFileType = wrapper.cfbundle; includeInIndex = 0; path = eLeSwiftUITests.xctest; sourceTree = BUILT_PRODUCTS_DIR; };
		6C7E13152BCE8F66006DC8B8 /* eLeSwiftUITests.swift */ = {isa = PBXFileReference; lastKnownFileType = sourcecode.swift; path = eLeSwiftUITests.swift; sourceTree = "<group>"; };
		6C7E13172BCE8F66006DC8B8 /* eLeSwiftUITestsLaunchTests.swift */ = {isa = PBXFileReference; lastKnownFileType = sourcecode.swift; path = eLeSwiftUITestsLaunchTests.swift; sourceTree = "<group>"; };
/* End PBXFileReference section */

/* Begin PBXFrameworksBuildPhase section */
		6C7E12EB2BCE8F65006DC8B8 /* Frameworks */ = {
			isa = PBXFrameworksBuildPhase;
			buildActionMask = 2147483647;
			files = (
			);
			runOnlyForDeploymentPostprocessing = 0;
		};
		6C7E13042BCE8F66006DC8B8 /* Frameworks */ = {
			isa = PBXFrameworksBuildPhase;
			buildActionMask = 2147483647;
			files = (
			);
			runOnlyForDeploymentPostprocessing = 0;
		};
		6C7E130E2BCE8F66006DC8B8 /* Frameworks */ = {
			isa = PBXFrameworksBuildPhase;
			buildActionMask = 2147483647;
			files = (
			);
			runOnlyForDeploymentPostprocessing = 0;
		};
/* End PBXFrameworksBuildPhase section */

/* Begin PBXGroup section */
		6C7E12E52BCE8F65006DC8B8 = {
			isa = PBXGroup;
			children = (
				6C7E12F02BCE8F65006DC8B8 /* eLeSwift */,
				6C7E130A2BCE8F66006DC8B8 /* eLeSwiftTests */,
				6C7E13142BCE8F66006DC8B8 /* eLeSwiftUITests */,
				6C7E12EF2BCE8F65006DC8B8 /* Products */,
			);
			sourceTree = "<group>";
		};
		6C7E12EF2BCE8F65006DC8B8 /* Products */ = {
			isa = PBXGroup;
			children = (
				6C7E12EE2BCE8F65006DC8B8 /* eLeSwift.app */,
				6C7E13072BCE8F66006DC8B8 /* eLeSwiftTests.xctest */,
				6C7E13112BCE8F66006DC8B8 /* eLeSwiftUITests.xctest */,
			);
			name = Products;
			sourceTree = "<group>";
		};
		6C7E12F02BCE8F65006DC8B8 /* eLeSwift */ = {
			isa = PBXGroup;
			children = (
				6C7E12F12BCE8F65006DC8B8 /* AppDelegate.swift */,
				6C7E12F32BCE8F65006DC8B8 /* SceneDelegate.swift */,
				6C7E12F52BCE8F65006DC8B8 /* ViewController.swift */,
				6C7E12F72BCE8F65006DC8B8 /* Main.storyboard */,
				6C7E12FD2BCE8F66006DC8B8 /* Assets.xcassets */,
				6C7E12FF2BCE8F66006DC8B8 /* LaunchScreen.storyboard */,
				6C7E13022BCE8F66006DC8B8 /* Info.plist */,
				6C7E12FA2BCE8F65006DC8B8 /* eLeSwift.xcdatamodeld */,
			);
			path = eLeSwift;
			sourceTree = "<group>";
		};
		6C7E130A2BCE8F66006DC8B8 /* eLeSwiftTests */ = {
			isa = PBXGroup;
			children = (
				6C7E130B2BCE8F66006DC8B8 /* eLeSwiftTests.swift */,
			);
			path = eLeSwiftTests;
			sourceTree = "<group>";
		};
		6C7E13142BCE8F66006DC8B8 /* eLeSwiftUITests */ = {
			isa = PBXGroup;
			children = (
				6C7E13152BCE8F66006DC8B8 /* eLeSwiftUITests.swift */,
				6C7E13172BCE8F66006DC8B8 /* eLeSwiftUITestsLaunchTests.swift */,
			);
			path = eLeSwiftUITests;
			sourceTree = "<group>";
		};
/* End PBXGroup section */

/* Begin PBXNativeTarget section */
		6C7E12ED2BCE8F65006DC8B8 /* eLeSwift */ = {
			isa = PBXNativeTarget;
			buildConfigurationList = 6C7E131B2BCE8F66006DC8B8 /* Build configuration list for PBXNativeTarget "eLeSwift" */;
			buildPhases = (
				6C7E12EA2BCE8F65006DC8B8 /* Sources */,
				6C7E12EB2BCE8F65006DC8B8 /* Frameworks */,
				6C7E12EC2BCE8F65006DC8B8 /* Resources */,
			);
			buildRules = (
			);
			dependencies = (
			);
			name = eLeSwift;
			productName = eLeSwift;
			productReference = 6C7E12EE2BCE8F65006DC8B8 /* eLeSwift.app */;
			productType = "com.apple.product-type.application";
		};
		6C7E13062BCE8F66006DC8B8 /* eLeSwiftTests */ = {
			isa = PBXNativeTarget;
			buildConfigurationList = 6C7E131E2BCE8F66006DC8B8 /* Build configuration list for PBXNativeTarget "eLeSwiftTests" */;
			buildPhases = (
				6C7E13032BCE8F66006DC8B8 /* Sources */,
				6C7E13042BCE8F66006DC8B8 /* Frameworks */,
				6C7E13052BCE8F66006DC8B8 /* Resources */,
			);
			buildRules = (
			);
			dependencies = (
				6C7E13092BCE8F66006DC8B8 /* PBXTargetDependency */,
			);
			name = eLeSwiftTests;
			productName = eLeSwiftTests;
			productReference = 6C7E13072BCE8F66006DC8B8 /* eLeSwiftTests.xctest */;
			productType = "com.apple.product-type.bundle.unit-test";
		};
		6C7E13102BCE8F66006DC8B8 /* eLeSwiftUITests */ = {
			isa = PBXNativeTarget;
			buildConfigurationList = 6C7E13212BCE8F66006DC8B8 /* Build configuration list for PBXNativeTarget "eLeSwiftUITests" */;
			buildPhases = (
				6C7E130D2BCE8F66006DC8B8 /* Sources */,
				6C7E130E2BCE8F66006DC8B8 /* Frameworks */,
				6C7E130F2BCE8F66006DC8B8 /* Resources */,
			);
			buildRules = (
			);
			dependencies = (
				6C7E13132BCE8F66006DC8B8 /* PBXTargetDependency */,
			);
			name = eLeSwiftUITests;
			productName = eLeSwiftUITests;
			productReference = 6C7E13112BCE8F66006DC8B8 /* eLeSwiftUITests.xctest */;
			productType = "com.apple.product-type.bundle.ui-testing";
		};
/* End PBXNativeTarget section */

/* Begin PBXProject section */
		6C7E12E62BCE8F65006DC8B8 /* Project object */ = {
			isa = PBXProject;
			attributes = {
				BuildIndependentTargetsInParallel = 1;
				LastSwiftUpdateCheck = 1530;
				LastUpgradeCheck = 1530;
				TargetAttributes = {
					6C7E12ED2BCE8F65006DC8B8 = {
						CreatedOnToolsVersion = 15.3;
					};
					6C7E13062BCE8F66006DC8B8 = {
						CreatedOnToolsVersion = 15.3;
						TestTargetID = 6C7E12ED2BCE8F65006DC8B8;
					};
					6C7E13102BCE8F66006DC8B8 = {
						CreatedOnToolsVersion = 15.3;
						TestTargetID = 6C7E12ED2BCE8F65006DC8B8;
					};
				};
			};
			buildConfigurationList = 6C7E12E92BCE8F65006DC8B8 /* Build configuration list for PBXProject "eLeSwift" */;
			compatibilityVersion = "Xcode 14.0";
			developmentRegion = en;
			hasScannedForEncodings = 0;
			knownRegions = (
				en,
				Base,
			);
			mainGroup = 6C7E12E52BCE8F65006DC8B8;
			productRefGroup = 6C7E12EF2BCE8F65006DC8B8 /* Products */;
			projectDirPath = "";
			projectRoot = "";
			targets = (
				6C7E12ED2BCE8F65006DC8B8 /* eLeSwift */,
				6C7E13062BCE8F66006DC8B8 /* eLeSwiftTests */,
				6C7E13102BCE8F66006DC8B8 /* eLeSwiftUITests */,
			);
		};
/* End PBXProject section */

/* Begin PBXResourcesBuildPhase section */
		6C7E12EC2BCE8F65006DC8B8 /* Resources */ = {
			isa = PBXResourcesBuildPhase;
			buildActionMask = 2147483647;
			files = (
				6C7E12FE2BCE8F66006DC8B8 /* Assets.xcassets in Resources */,
				6C7E13012BCE8F66006DC8B8 /* Base in Resources */,
				6C7E12F92BCE8F65006DC8B8 /* Base in Resources */,
			);
			runOnlyForDeploymentPostprocessing = 0;
		};
		6C7E13052BCE8F66006DC8B8 /* Resources */ = {
			isa = PBXResourcesBuildPhase;
			buildActionMask = 2147483647;
			files = (
			);
			runOnlyForDeploymentPostprocessing = 0;
		};
		6C7E130F2BCE8F66006DC8B8 /* Resources */ = {
			isa = PBXResourcesBuildPhase;
			buildActionMask = 2147483647;
			files = (
			);
			runOnlyForDeploymentPostprocessing = 0;
		};
/* End PBXResourcesBuildPhase section */

/* Begin PBXSourcesBuildPhase section */
		6C7E12EA2BCE8F65006DC8B8 /* Sources */ = {
			isa = PBXSourcesBuildPhase;
			buildActionMask = 2147483647;
			files = (
				6C7E12FC2BCE8F65006DC8B8 /* eLeSwift.xcdatamodeld in Sources */,
				6C7E12F62BCE8F65006DC8B8 /* ViewController.swift in Sources */,
				6C7E12F22BCE8F65006DC8B8 /* AppDelegate.swift in Sources */,
				6C7E12F42BCE8F65006DC8B8 /* SceneDelegate.swift in Sources */,
			);
			runOnlyForDeploymentPostprocessing = 0;
		};
		6C7E13032BCE8F66006DC8B8 /* Sources */ = {
			isa = PBXSourcesBuildPhase;
			buildActionMask = 2147483647;
			files = (
				6C7E130C2BCE8F66006DC8B8 /* eLeSwiftTests.swift in Sources */,
			);
			runOnlyForDeploymentPostprocessing = 0;
		};
		6C7E130D2BCE8F66006DC8B8 /* Sources */ = {
			isa = PBXSourcesBuildPhase;
			buildActionMask = 2147483647;
			files = (
				6C7E13182BCE8F66006DC8B8 /* eLeSwiftUITestsLaunchTests.swift in Sources */,
				6C7E13162BCE8F66006DC8B8 /* eLeSwiftUITests.swift in Sources */,
			);
			runOnlyForDeploymentPostprocessing = 0;
		};
/* End PBXSourcesBuildPhase section */

/* Begin PBXTargetDependency section */
		6C7E13092BCE8F66006DC8B8 /* PBXTargetDependency */ = {
			isa = PBXTargetDependency;
			target = 6C7E12ED2BCE8F65006DC8B8 /* eLeSwift */;
			targetProxy = 6C7E13082BCE8F66006DC8B8 /* PBXContainerItemProxy */;
		};
		6C7E13132BCE8F66006DC8B8 /* PBXTargetDependency */ = {
			isa = PBXTargetDependency;
			target = 6C7E12ED2BCE8F65006DC8B8 /* eLeSwift */;
			targetProxy = 6C7E13122BCE8F66006DC8B8 /* PBXContainerItemProxy */;
		};
/* End PBXTargetDependency section */

/* Begin PBXVariantGroup section */
		6C7E12F72BCE8F65006DC8B8 /* Main.storyboard */ = {
			isa = PBXVariantGroup;
			children = (
				6C7E12F82BCE8F65006DC8B8 /* Base */,
			);
			name = Main.storyboard;
			sourceTree = "<group>";
		};
		6C7E12FF2BCE8F66006DC8B8 /* LaunchScreen.storyboard */ = {
			isa = PBXVariantGroup;
			children = (
				6C7E13002BCE8F66006DC8B8 /* Base */,
			);
			name = LaunchScreen.storyboard;
			sourceTree = "<group>";
		};
/* End PBXVariantGroup section */

/* Begin XCBuildConfiguration section */
		6C7E13192BCE8F66006DC8B8 /* Debug */ = {
			isa = XCBuildConfiguration;
			buildSettings = {
				ALWAYS_SEARCH_USER_PATHS = NO;
				ASSETCATALOG_COMPILER_GENERATE_SWIFT_ASSET_SYMBOL_EXTENSIONS = YES;
				CLANG_ANALYZER_NONNULL = YES;
				CLANG_ANALYZER_NUMBER_OBJECT_CONVERSION = YES_AGGRESSIVE;
				CLANG_CXX_LANGUAGE_STANDARD = "gnu++20";
				CLANG_ENABLE_MODULES = YES;
				CLANG_ENABLE_OBJC_ARC = YES;
				CLANG_ENABLE_OBJC_WEAK = YES;
				CLANG_WARN_BLOCK_CAPTURE_AUTORELEASING = YES;
				CLANG_WARN_BOOL_CONVERSION = YES;
				CLANG_WARN_COMMA = YES;
				CLANG_WARN_CONSTANT_CONVERSION = YES;
				CLANG_WARN_DEPRECATED_OBJC_IMPLEMENTATIONS = YES;
				CLANG_WARN_DIRECT_OBJC_ISA_USAGE = YES_ERROR;
				CLANG_WARN_DOCUMENTATION_COMMENTS = YES;
				CLANG_WARN_EMPTY_BODY = YES;
				CLANG_WARN_ENUM_CONVERSION = YES;
				CLANG_WARN_INFINITE_RECURSION = YES;
				CLANG_WARN_INT_CONVERSION = YES;
				CLANG_WARN_NON_LITERAL_NULL_CONVERSION = YES;
				CLANG_WARN_OBJC_IMPLICIT_RETAIN_SELF = YES;
				CLANG_WARN_OBJC_LITERAL_CONVERSION = YES;
				CLANG_WARN_OBJC_ROOT_CLASS = YES_ERROR;
				CLANG_WARN_QUOTED_INCLUDE_IN_FRAMEWORK_HEADER = YES;
				CLANG_WARN_RANGE_LOOP_ANALYSIS = YES;
				CLANG_WARN_STRICT_PROTOTYPES = YES;
				CLANG_WARN_SUSPICIOUS_MOVE = YES;
				CLANG_WARN_UNGUARDED_AVAILABILITY = YES_AGGRESSIVE;
				CLANG_WARN_UNREACHABLE_CODE = YES;
				CLANG_WARN__DUPLICATE_METHOD_MATCH = YES;
				COPY_PHASE_STRIP = NO;
				DEBUG_INFORMATION_FORMAT = dwarf;
				ENABLE_STRICT_OBJC_MSGSEND = YES;
				ENABLE_TESTABILITY = YES;
				ENABLE_USER_SCRIPT_SANDBOXING = YES;
				GCC_C_LANGUAGE_STANDARD = gnu17;
				GCC_DYNAMIC_NO_PIC = NO;
				GCC_NO_COMMON_BLOCKS = YES;
				GCC_OPTIMIZATION_LEVEL = 0;
				GCC_PREPROCESSOR_DEFINITIONS = (
					"DEBUG=1",
					"$(inherited)",
				);
				GCC_WARN_64_TO_32_BIT_CONVERSION = YES;
				GCC_WARN_ABOUT_RETURN_TYPE = YES_ERROR;
				GCC_WARN_UNDECLARED_SELECTOR = YES;
				GCC_WARN_UNINITIALIZED_AUTOS = YES_AGGRESSIVE;
				GCC_WARN_UNUSED_FUNCTION = YES;
				GCC_WARN_UNUSED_VARIABLE = YES;
				IPHONEOS_DEPLOYMENT_TARGET = 17.4;
				LOCALIZATION_PREFERS_STRING_CATALOGS = YES;
				MTL_ENABLE_DEBUG_INFO = INCLUDE_SOURCE;
				MTL_FAST_MATH = YES;
				ONLY_ACTIVE_ARCH = YES;
				SDKROOT = iphoneos;
				SWIFT_ACTIVE_COMPILATION_CONDITIONS = "DEBUG $(inherited)";
				SWIFT_OPTIMIZATION_LEVEL = "-Onone";
			};
			name = Debug;
		};
		6C7E131A2BCE8F66006DC8B8 /* Release */ = {
			isa = XCBuildConfiguration;
			buildSettings = {
				ALWAYS_SEARCH_USER_PATHS = NO;
				ASSETCATALOG_COMPILER_GENERATE_SWIFT_ASSET_SYMBOL_EXTENSIONS = YES;
				CLANG_ANALYZER_NONNULL = YES;
				CLANG_ANALYZER_NUMBER_OBJECT_CONVERSION = YES_AGGRESSIVE;
				CLANG_CXX_LANGUAGE_STANDARD = "gnu++20";
				CLANG_ENABLE_MODULES = YES;
				CLANG_ENABLE_OBJC_ARC = YES;
				CLANG_ENABLE_OBJC_WEAK = YES;
				CLANG_WARN_BLOCK_CAPTURE_AUTORELEASING = YES;
				CLANG_WARN_BOOL_CONVERSION = YES;
				CLANG_WARN_COMMA = YES;
				CLANG_WARN_CONSTANT_CONVERSION = YES;
				CLANG_WARN_DEPRECATED_OBJC_IMPLEMENTATIONS = YES;
				CLANG_WARN_DIRECT_OBJC_ISA_USAGE = YES_ERROR;
				CLANG_WARN_DOCUMENTATION_COMMENTS = YES;
				CLANG_WARN_EMPTY_BODY = YES;
				CLANG_WARN_ENUM_CONVERSION = YES;
				CLANG_WARN_INFINITE_RECURSION = YES;
				CLANG_WARN_INT_CONVERSION = YES;
				CLANG_WARN_NON_LITERAL_NULL_CONVERSION = YES;
				CLANG_WARN_OBJC_IMPLICIT_RETAIN_SELF = YES;
				CLANG_WARN_OBJC_LITERAL_CONVERSION = YES;
				CLANG_WARN_OBJC_ROOT_CLASS = YES_ERROR;
				CLANG_WARN_QUOTED_INCLUDE_IN_FRAMEWORK_HEADER = YES;
				CLANG_WARN_RANGE_LOOP_ANALYSIS = YES;
				CLANG_WARN_STRICT_PROTOTYPES = YES;
				CLANG_WARN_SUSPICIOUS_MOVE = YES;
				CLANG_WARN_UNGUARDED_AVAILABILITY = YES_AGGRESSIVE;
				CLANG_WARN_UNREACHABLE_CODE = YES;
				CLANG_WARN__DUPLICATE_METHOD_MATCH = YES;
				COPY_PHASE_STRIP = NO;
				DEBUG_INFORMATION_FORMAT = "dwarf-with-dsym";
				ENABLE_NS_ASSERTIONS = NO;
				ENABLE_STRICT_OBJC_MSGSEND = YES;
				ENABLE_USER_SCRIPT_SANDBOXING = YES;
				GCC_C_LANGUAGE_STANDARD = gnu17;
				GCC_NO_COMMON_BLOCKS = YES;
				GCC_WARN_64_TO_32_BIT_CONVERSION = YES;
				GCC_WARN_ABOUT_RETURN_TYPE = YES_ERROR;
				GCC_WARN_UNDECLARED_SELECTOR = YES;
				GCC_WARN_UNINITIALIZED_AUTOS = YES_AGGRESSIVE;
				GCC_WARN_UNUSED_FUNCTION = YES;
				GCC_WARN_UNUSED_VARIABLE = YES;
				IPHONEOS_DEPLOYMENT_TARGET = 17.4;
				LOCALIZATION_PREFERS_STRING_CATALOGS = YES;
				MTL_ENABLE_DEBUG_INFO = NO;
				MTL_FAST_MATH = YES;
				SDKROOT = iphoneos;
				SWIFT_COMPILATION_MODE = wholemodule;
				VALIDATE_PRODUCT = YES;
			};
			name = Release;
		};
		6C7E131C2BCE8F66006DC8B8 /* Debug */ = {
			isa = XCBuildConfiguration;
			buildSettings = {
				ASSETCATALOG_COMPILER_APPICON_NAME = AppIcon;
				ASSETCATALOG_COMPILER_GLOBAL_ACCENT_COLOR_NAME = AccentColor;
				CODE_SIGN_STYLE = Automatic;
				CURRENT_PROJECT_VERSION = 1;
				DEVELOPMENT_TEAM = N72WWK779U;
				GENERATE_INFOPLIST_FILE = YES;
				INFOPLIST_FILE = eLeSwift/Info.plist;
				INFOPLIST_KEY_UIApplicationSupportsIndirectInputEvents = YES;
				INFOPLIST_KEY_UILaunchStoryboardName = LaunchScreen;
				INFOPLIST_KEY_UIMainStoryboardFile = Main;
				INFOPLIST_KEY_UISupportedInterfaceOrientations_iPad = "UIInterfaceOrientationPortrait UIInterfaceOrientationPortraitUpsideDown UIInterfaceOrientationLandscapeLeft UIInterfaceOrientationLandscapeRight";
				INFOPLIST_KEY_UISupportedInterfaceOrientations_iPhone = "UIInterfaceOrientationPortrait UIInterfaceOrientationLandscapeLeft UIInterfaceOrientationLandscapeRight";
				LD_RUNPATH_SEARCH_PATHS = (
					"$(inherited)",
					"@executable_path/Frameworks",
				);
				MARKETING_VERSION = 1.0;
				PRODUCT_BUNDLE_IDENTIFIER = fundacion.eLeSwift;
				PRODUCT_NAME = "$(TARGET_NAME)";
				SWIFT_EMIT_LOC_STRINGS = YES;
				SWIFT_VERSION = 5.0;
				TARGETED_DEVICE_FAMILY = "1,2";
			};
			name = Debug;
		};
		6C7E131D2BCE8F66006DC8B8 /* Release */ = {
			isa = XCBuildConfiguration;
			buildSettings = {
				ASSETCATALOG_COMPILER_APPICON_NAME = AppIcon;
				ASSETCATALOG_COMPILER_GLOBAL_ACCENT_COLOR_NAME = AccentColor;
				CODE_SIGN_STYLE = Automatic;
				CURRENT_PROJECT_VERSION = 1;
				DEVELOPMENT_TEAM = N72WWK779U;
				GENERATE_INFOPLIST_FILE = YES;
				INFOPLIST_FILE = eLeSwift/Info.plist;
				INFOPLIST_KEY_UIApplicationSupportsIndirectInputEvents = YES;
				INFOPLIST_KEY_UILaunchStoryboardName = LaunchScreen;
				INFOPLIST_KEY_UIMainStoryboardFile = Main;
				INFOPLIST_KEY_UISupportedInterfaceOrientations_iPad = "UIInterfaceOrientationPortrait UIInterfaceOrientationPortraitUpsideDown UIInterfaceOrientationLandscapeLeft UIInterfaceOrientationLandscapeRight";
				INFOPLIST_KEY_UISupportedInterfaceOrientations_iPhone = "UIInterfaceOrientationPortrait UIInterfaceOrientationLandscapeLeft UIInterfaceOrientationLandscapeRight";
				LD_RUNPATH_SEARCH_PATHS = (
					"$(inherited)",
					"@executable_path/Frameworks",
				);
				MARKETING_VERSION = 1.0;
				PRODUCT_BUNDLE_IDENTIFIER = fundacion.eLeSwift;
				PRODUCT_NAME = "$(TARGET_NAME)";
				SWIFT_EMIT_LOC_STRINGS = YES;
				SWIFT_VERSION = 5.0;
				TARGETED_DEVICE_FAMILY = "1,2";
			};
			name = Release;
		};
		6C7E131F2BCE8F66006DC8B8 /* Debug */ = {
			isa = XCBuildConfiguration;
			buildSettings = {
				ALWAYS_EMBED_SWIFT_STANDARD_LIBRARIES = YES;
				BUNDLE_LOADER = "$(TEST_HOST)";
				CODE_SIGN_STYLE = Automatic;
				CURRENT_PROJECT_VERSION = 1;
				DEVELOPMENT_TEAM = N72WWK779U;
				GENERATE_INFOPLIST_FILE = YES;
				IPHONEOS_DEPLOYMENT_TARGET = 17.4;
				MARKETING_VERSION = 1.0;
				PRODUCT_BUNDLE_IDENTIFIER = fundacion.eLeSwiftTests;
				PRODUCT_NAME = "$(TARGET_NAME)";
				SWIFT_EMIT_LOC_STRINGS = NO;
				SWIFT_VERSION = 5.0;
				TARGETED_DEVICE_FAMILY = "1,2";
				TEST_HOST = "$(BUILT_PRODUCTS_DIR)/eLeSwift.app/$(BUNDLE_EXECUTABLE_FOLDER_PATH)/eLeSwift";
			};
			name = Debug;
		};
		6C7E13202BCE8F66006DC8B8 /* Release */ = {
			isa = XCBuildConfiguration;
			buildSettings = {
				ALWAYS_EMBED_SWIFT_STANDARD_LIBRARIES = YES;
				BUNDLE_LOADER = "$(TEST_HOST)";
				CODE_SIGN_STYLE = Automatic;
				CURRENT_PROJECT_VERSION = 1;
				DEVELOPMENT_TEAM = N72WWK779U;
				GENERATE_INFOPLIST_FILE = YES;
				IPHONEOS_DEPLOYMENT_TARGET = 17.4;
				MARKETING_VERSION = 1.0;
				PRODUCT_BUNDLE_IDENTIFIER = fundacion.eLeSwiftTests;
				PRODUCT_NAME = "$(TARGET_NAME)";
				SWIFT_EMIT_LOC_STRINGS = NO;
				SWIFT_VERSION = 5.0;
				TARGETED_DEVICE_FAMILY = "1,2";
				TEST_HOST = "$(BUILT_PRODUCTS_DIR)/eLeSwift.app/$(BUNDLE_EXECUTABLE_FOLDER_PATH)/eLeSwift";
			};
			name = Release;
		};
		6C7E13222BCE8F66006DC8B8 /* Debug */ = {
			isa = XCBuildConfiguration;
			buildSettings = {
				ALWAYS_EMBED_SWIFT_STANDARD_LIBRARIES = YES;
				CODE_SIGN_STYLE = Automatic;
				CURRENT_PROJECT_VERSION = 1;
				DEVELOPMENT_TEAM = N72WWK779U;
				GENERATE_INFOPLIST_FILE = YES;
				MARKETING_VERSION = 1.0;
				PRODUCT_BUNDLE_IDENTIFIER = fundacion.eLeSwiftUITests;
				PRODUCT_NAME = "$(TARGET_NAME)";
				SWIFT_EMIT_LOC_STRINGS = NO;
				SWIFT_VERSION = 5.0;
				TARGETED_DEVICE_FAMILY = "1,2";
				TEST_TARGET_NAME = eLeSwift;
			};
			name = Debug;
		};
		6C7E13232BCE8F66006DC8B8 /* Release */ = {
			isa = XCBuildConfiguration;
			buildSettings = {
				ALWAYS_EMBED_SWIFT_STANDARD_LIBRARIES = YES;
				CODE_SIGN_STYLE = Automatic;
				CURRENT_PROJECT_VERSION = 1;
				DEVELOPMENT_TEAM = N72WWK779U;
				GENERATE_INFOPLIST_FILE = YES;
				MARKETING_VERSION = 1.0;
				PRODUCT_BUNDLE_IDENTIFIER = fundacion.eLeSwiftUITests;
				PRODUCT_NAME = "$(TARGET_NAME)";
				SWIFT_EMIT_LOC_STRINGS = NO;
				SWIFT_VERSION = 5.0;
				TARGETED_DEVICE_FAMILY = "1,2";
				TEST_TARGET_NAME = eLeSwift;
			};
			name = Release;
		};
/* End XCBuildConfiguration section */

/* Begin XCConfigurationList section */
		6C7E12E92BCE8F65006DC8B8 /* Build configuration list for PBXProject "eLeSwift" */ = {
			isa = XCConfigurationList;
			buildConfigurations = (
				6C7E13192BCE8F66006DC8B8 /* Debug */,
				6C7E131A2BCE8F66006DC8B8 /* Release */,
			);
			defaultConfigurationIsVisible = 0;
			defaultConfigurationName = Release;
		};
		6C7E131B2BCE8F66006DC8B8 /* Build configuration list for PBXNativeTarget "eLeSwift" */ = {
			isa = XCConfigurationList;
			buildConfigurations = (
				6C7E131C2BCE8F66006DC8B8 /* Debug */,
				6C7E131D2BCE8F66006DC8B8 /* Release */,
			);
			defaultConfigurationIsVisible = 0;
			defaultConfigurationName = Release;
		};
		6C7E131E2BCE8F66006DC8B8 /* Build configuration list for PBXNativeTarget "eLeSwiftTests" */ = {
			isa = XCConfigurationList;
			buildConfigurations = (
				6C7E131F2BCE8F66006DC8B8 /* Debug */,
				6C7E13202BCE8F66006DC8B8 /* Release */,
			);
			defaultConfigurationIsVisible = 0;
			defaultConfigurationName = Release;
		};
		6C7E13212BCE8F66006DC8B8 /* Build configuration list for PBXNativeTarget "eLeSwiftUITests" */ = {
			isa = XCConfigurationList;
			buildConfigurations = (
				6C7E13222BCE8F66006DC8B8 /* Debug */,
				6C7E13232BCE8F66006DC8B8 /* Release */,
			);
			defaultConfigurationIsVisible = 0;
			defaultConfigurationName = Release;
		};
/* End XCConfigurationList section */

/* Begin XCVersionGroup section */
		6C7E12FA2BCE8F65006DC8B8 /* eLeSwift.xcdatamodeld */ = {
			isa = XCVersionGroup;
			children = (
				6C7E12FB2BCE8F65006DC8B8 /* eLeSwift.xcdatamodel */,
			);
			currentVersion = 6C7E12FB2BCE8F65006DC8B8 /* eLeSwift.xcdatamodel */;
			path = eLeSwift.xcdatamodeld;
			sourceTree = "<group>";
			versionGroupType = wrapper.xcdatamodel;
		};
/* End XCVersionGroup section */
	};
	rootObject = 6C7E12E62BCE8F65006DC8B8 /* Project object */;
}
